
Microsoft Visual Studio Solution File, Format Version 12.00
# Visual Studio 15
VisualStudioVersion = 15.0.27428.2002
MinimumVisualStudioVersion = 10.0.40219.1
Project("{8BC9CEB8-8B4A-11D0-8D11-00A0C91BC942}") = "SRDoubler", "SRDoubler.vcxproj", "{6D120CEE-1E98-4F68-9E07-50B6700EDF3C}"
EndProject
Global
	GlobalSection(SolutionConfigurationPlatforms) = preSolution
		Rel_Clang|x64 = Rel_Clang|x64
		Rel_Extreme|x64 = Rel_Extreme|x64
		Rel_F_Upsampler|x64 = Rel_F_Upsampler|x64
		Rel_Intel|x64 = Rel_Intel|x64
		Rel_MSVC|x64 = Rel_MSVC|x64
	EndGlobalSection
	GlobalSection(ProjectConfigurationPlatforms) = postSolution
		{6D120CEE-1E98-4F68-9E07-50B6700EDF3C}.Rel_Clang|x64.ActiveCfg = Rel_Clang|x64
		{6D120CEE-1E98-4F68-9E07-50B6700EDF3C}.Rel_Clang|x64.Build.0 = Rel_Clang|x64
		{6D120CEE-1E98-4F68-9E07-50B6700EDF3C}.Rel_Extreme|x64.ActiveCfg = Rel_Extreme|x64
		{6D120CEE-1E98-4F68-9E07-50B6700EDF3C}.Rel_Extreme|x64.Build.0 = Rel_Extreme|x64
		{6D120CEE-1E98-4F68-9E07-50B6700EDF3C}.Rel_F_Upsampler|x64.ActiveCfg = Rel_F_Upsampler|x64
		{6D120CEE-1E98-4F68-9E07-50B6700EDF3C}.Rel_F_Upsampler|x64.Build.0 = Rel_F_Upsampler|x64
		{6D120CEE-1E98-4F68-9E07-50B6700EDF3C}.Rel_Intel|x64.ActiveCfg = Rel_Intel|x64
		{6D120CEE-1E98-4F68-9E07-50B6700EDF3C}.Rel_Intel|x64.Build.0 = Rel_Intel|x64
		{6D120CEE-1E98-4F68-9E07-50B6700EDF3C}.Rel_MSVC|x64.ActiveCfg = Rel_MSVC|x64
		{6D120CEE-1E98-4F68-9E07-50B6700EDF3C}.Rel_MSVC|x64.Build.0 = Rel_MSVC|x64
	EndGlobalSection
	GlobalSection(SolutionProperties) = preSolution
		HideSolutionNode = FALSE
	EndGlobalSection
	GlobalSection(ExtensibilityGlobals) = postSolution
		SolutionGuid = {CFE52F02-DE7C-4B19-BFED-191176AD6E47}
	EndGlobalSection
EndGlobal
